
Microsoft Visual Studio Solution File, Format Version 12.00
# Visual Studio Version 17
VisualStudioVersion = 17.14.36518.9
MinimumVisualStudioVersion = 10.0.40219.1
Project("{FAE04EC0-301F-11D3-BF4B-00C04F79EFBC}") = "RPG_TESTE.Api", "RPG-TESTE.Api\RPG_TESTE.Api.csproj", "{A66388A9-200B-4C34-B4B6-0868960C2BF0}"
EndProject
Project("{FAE04EC0-301F-11D3-BF4B-00C04F79EFBC}") = "RPG_TESTE.Domain", "RPG-TESTE.Domain\RPG_TESTE.Domain.csproj", "{9C03A965-3C8C-4F1C-B79C-E190A7A51CF2}"
EndProject
Project("{FAE04EC0-301F-11D3-BF4B-00C04F79EFBC}") = "RPG_TESTE.Infrastructure", "RPG_TESTE.Infrastructure\RPG_TESTE.Infrastructure.csproj", "{CE7282D9-0F68-4EF6-B652-34842E08DF85}"
EndProject
Project("{FAE04EC0-301F-11D3-BF4B-00C04F79EFBC}") = "RPG_TESTE.Application", "RPG-TESTE.Application\RPG_TESTE.Application.csproj", "{B147D458-2F57-425F-94D3-0059704A9731}"
EndProject
Global
	GlobalSection(SolutionConfigurationPlatforms) = preSolution
		Debug|Any CPU = Debug|Any CPU
		Release|Any CPU = Release|Any CPU
	EndGlobalSection
	GlobalSection(ProjectConfigurationPlatforms) = postSolution
		{A66388A9-200B-4C34-B4B6-0868960C2BF0}.Debug|Any CPU.ActiveCfg = Debug|Any CPU
		{A66388A9-200B-4C34-B4B6-0868960C2BF0}.Debug|Any CPU.Build.0 = Debug|Any CPU
		{A66388A9-200B-4C34-B4B6-0868960C2BF0}.Release|Any CPU.ActiveCfg = Release|Any CPU
		{A66388A9-200B-4C34-B4B6-0868960C2BF0}.Release|Any CPU.Build.0 = Release|Any CPU
		{9C03A965-3C8C-4F1C-B79C-E190A7A51CF2}.Debug|Any CPU.ActiveCfg = Debug|Any CPU
		{9C03A965-3C8C-4F1C-B79C-E190A7A51CF2}.Debug|Any CPU.Build.0 = Debug|Any CPU
		{9C03A965-3C8C-4F1C-B79C-E190A7A51CF2}.Release|Any CPU.ActiveCfg = Release|Any CPU
		{9C03A965-3C8C-4F1C-B79C-E190A7A51CF2}.Release|Any CPU.Build.0 = Release|Any CPU
		{CE7282D9-0F68-4EF6-B652-34842E08DF85}.Debug|Any CPU.ActiveCfg = Debug|Any CPU
		{CE7282D9-0F68-4EF6-B652-34842E08DF85}.Debug|Any CPU.Build.0 = Debug|Any CPU
		{CE7282D9-0F68-4EF6-B652-34842E08DF85}.Release|Any CPU.ActiveCfg = Release|Any CPU
		{CE7282D9-0F68-4EF6-B652-34842E08DF85}.Release|Any CPU.Build.0 = Release|Any CPU
		{B147D458-2F57-425F-94D3-0059704A9731}.Debug|Any CPU.ActiveCfg = Debug|Any CPU
		{B147D458-2F57-425F-94D3-0059704A9731}.Debug|Any CPU.Build.0 = Debug|Any CPU
		{B147D458-2F57-425F-94D3-0059704A9731}.Release|Any CPU.ActiveCfg = Release|Any CPU
		{B147D458-2F57-425F-94D3-0059704A9731}.Release|Any CPU.Build.0 = Release|Any CPU
	EndGlobalSection
	GlobalSection(SolutionProperties) = preSolution
		HideSolutionNode = FALSE
	EndGlobalSection
	GlobalSection(ExtensibilityGlobals) = postSolution
		SolutionGuid = {31A4E456-FAE6-467C-BEB9-E75278E805F0}
	EndGlobalSection
EndGlobal
